# This file was autogenerated by Stack.
# You should not edit this file by hand.
# For more information, please see the documentation at:
#   https://docs.haskellstack.org/en/stable/lock_files

packages:
- completed:
    size: 1480660
    subdir: clash-ghc
    url: https://github.com/clash-lang/clash-compiler/archive/e1d880102ce1b2cd2b262ce0d20927382f539976.tar.gz
    name: clash-ghc
    version: 1.3.0
    sha256: 126662e6f7825bb1dc87969cf108b59115830e350c51d0966336ea1a28df3f8c
    pantry-tree:
      size: 3353
      sha256: 6e3ff701869c7b73a9efbd38856b67fe71cf1ef3a46d2a95c27e245f1a003ae5
  original:
    subdir: clash-ghc
    url: https://github.com/clash-lang/clash-compiler/archive/e1d880102ce1b2cd2b262ce0d20927382f539976.tar.gz
- completed:
    size: 1480660
    subdir: clash-prelude
    url: https://github.com/clash-lang/clash-compiler/archive/e1d880102ce1b2cd2b262ce0d20927382f539976.tar.gz
    name: clash-prelude
    version: 1.3.0
    sha256: 126662e6f7825bb1dc87969cf108b59115830e350c51d0966336ea1a28df3f8c
    pantry-tree:
      size: 12800
      sha256: a38296fb9801025fb0504804d55cd08c875298a933ffeaf0bdd37a1b29debbe0
  original:
    subdir: clash-prelude
    url: https://github.com/clash-lang/clash-compiler/archive/e1d880102ce1b2cd2b262ce0d20927382f539976.tar.gz
- completed:
    size: 1480660
    subdir: clash-lib
    url: https://github.com/clash-lang/clash-compiler/archive/e1d880102ce1b2cd2b262ce0d20927382f539976.tar.gz
    name: clash-lib
    version: 1.3.0
    sha256: 126662e6f7825bb1dc87969cf108b59115830e350c51d0966336ea1a28df3f8c
    pantry-tree:
      size: 16851
      sha256: be6bffb8b1bcef5a6946a5439b04a3ea24a0a640b7db27c3fcf8273e4e4a35f8
  original:
    subdir: clash-lib
    url: https://github.com/clash-lang/clash-compiler/archive/e1d880102ce1b2cd2b262ce0d20927382f539976.tar.gz
- completed:
    hackage: concurrent-supply-0.1.8@sha256:9373f4868ad28936a7b93781b214ef4afdeacf377ef4ac729583073491c9f9fb,1627
    pantry-tree:
      size: 400
      sha256: bdfaa167ae3249f858ba248aea2e9b97ab9b13af6e68c73b7c3192e717e11b83
  original:
    hackage: concurrent-supply-0.1.8
- completed:
    hackage: shake-0.19.1@sha256:eda22a199c78a45bebfb0b5506aa757ca6cc6d92931c1551ef5aa5b4e45cddd2,15340
    pantry-tree:
      size: 12139
      sha256: 2f01533eeb9a18822c809420cb9f96cc5e65a74f3b1d2155b071a3c0a3940685
  original:
    hackage: shake-0.19.1
- completed:
    hackage: barbies-2.0.1.0@sha256:289c0ab2a8477dc09d70653f437b7b83caa8969cc007c866bc52606121cce3c1,4407
    pantry-tree:
      size: 4426
      sha256: 154ccf6bf8816db6838d2b689ea821d818288a81b92b01e10c936536699f2e61
  original:
    hackage: barbies-2.0.1.0
- completed:
    hackage: barbies-th-0.1.2@sha256:6cde0729cd2b25b15d3af7bdee5c839365fa7a29ce254e4d6b6b957e89a8c756,1050
    pantry-tree:
      size: 370
      sha256: a281dfb96666844490e27d497fb3e468d935eae143376815318d0d36f6b4fc16
  original:
    hackage: barbies-th-0.1.2
snapshots:
- completed:
    size: 492027
    url: https://raw.githubusercontent.com/commercialhaskell/stackage-snapshots/master/lts/15/9.yaml
    sha256: 11394dc975e96c2fea90f7f2b3229630d46351a092ebcec78f0a56403930b429
  original: lts-15.9
